
Microsoft Visual Studio Solution File, Format Version 12.00
# Visual Studio Version 17
VisualStudioVersion = 17.0.31903.59
MinimumVisualStudioVersion = 10.0.40219.1
Project("{2150E333-8FDC-42A3-9474-1A3956D46DE8}") = "Solution Items", "Solution Items", "{B96D2623-1DFB-4060-87DF-A565C2D2FB03}"
	ProjectSection(SolutionItems) = preProject
		.gitignore = .gitignore
		xti.ps1 = xti.ps1
	EndProjectSection
EndProject
Project("{2150E333-8FDC-42A3-9474-1A3956D46DE8}") = "CityworksOfficeServiceApp", "CityworksOfficeServiceApp", "{2347AD80-A4E2-4D80-AE71-719454F0D011}"
EndProject
Project("{2150E333-8FDC-42A3-9474-1A3956D46DE8}") = "Apps", "Apps", "{F01C746F-1BA6-41AD-80D0-7B004D45584F}"
EndProject
Project("{FAE04EC0-301F-11D3-BF4B-00C04F79EFBC}") = "CityworksOfficeServiceApp", "CityworksOfficeServiceApp\Apps\CityworksOfficeServiceApp\CityworksOfficeServiceApp.csproj", "{3B5F14A8-D2BE-4CAC-8FD7-935E6D295CF8}"
EndProject
Project("{2150E333-8FDC-42A3-9474-1A3956D46DE8}") = "Internal", "Internal", "{B4EA7A37-228D-4ED5-9868-035D404E1100}"
EndProject
Project("{FAE04EC0-301F-11D3-BF4B-00C04F79EFBC}") = "XTI_CityworksOfficeServiceAppApi", "CityworksOfficeServiceApp\Internal\XTI_CityworksOfficeServiceAppApi\XTI_CityworksOfficeServiceAppApi.csproj", "{D5AE45AF-9AF1-460A-8484-9B16C532E78B}"
EndProject
Project("{FAE04EC0-301F-11D3-BF4B-00C04F79EFBC}") = "CityworksOfficeSetupApp", "CityworksOfficeServiceApp\Apps\CityworksOfficeSetupApp\CityworksOfficeSetupApp.csproj", "{244E89BC-301F-4E4E-9D74-7BB83F53EFC6}"
EndProject
Project("{FAE04EC0-301F-11D3-BF4B-00C04F79EFBC}") = "CityworksOfficeServiceApp.Services", "CityworksOfficeServiceApp\Internal\CityworksOfficeServiceApp.Services\CityworksOfficeServiceApp.Services.csproj", "{5FCDF5EA-CD76-41C9-8F8D-1E6A9E61F23E}"
EndProject
Project("{FAE04EC0-301F-11D3-BF4B-00C04F79EFBC}") = "CityworksOfficeServiceApp.Implementations", "CityworksOfficeServiceApp\Internal\CityworksOfficeServiceApp.Implementations\CityworksOfficeServiceApp.Implementations.csproj", "{9923C7F8-7ACC-4634-B30B-6B048CB19580}"
EndProject
Project("{FAE04EC0-301F-11D3-BF4B-00C04F79EFBC}") = "CPW_HandlePaymentTransactionCompleted", "CityworksOfficeServiceApp\Internal\CPW_HandlePaymentTransactionCompleted\CPW_HandlePaymentTransactionCompleted.csproj", "{58E7296D-2D30-4EFE-B5DB-806E800111C0}"
EndProject
Project("{2150E333-8FDC-42A3-9474-1A3956D46DE8}") = "Tests", "Tests", "{1A2B9B52-989C-47B8-9F55-A76485D7CA8A}"
EndProject
Project("{FAE04EC0-301F-11D3-BF4B-00C04F79EFBC}") = "CityworksOfficeServiceAppTests", "CityworksOfficeServiceApp\Tests\CityworksOfficeServiceAppTests\CityworksOfficeServiceAppTests.csproj", "{3F88BD2F-104C-4878-9732-070A16175CB4}"
EndProject
Project("{FAE04EC0-301F-11D3-BF4B-00C04F79EFBC}") = "CityworksOfficeServiceAppIntegrationTests", "CityworksOfficeServiceApp\Tests\CityworksOfficeServiceAppIntegrationTests\CityworksOfficeServiceAppIntegrationTests.csproj", "{91B879CB-9A29-4809-8799-7D90D9782A99}"
EndProject
Project("{2150E333-8FDC-42A3-9474-1A3956D46DE8}") = "CityworksOfficeWebApp", "CityworksOfficeWebApp", "{8BF20CFC-014B-43E7-8936-66B278FAC8A0}"
EndProject
Project("{2150E333-8FDC-42A3-9474-1A3956D46DE8}") = "Apps", "Apps", "{1DA99DAE-2C97-475E-A3E1-EF6E253A59E1}"
EndProject
Project("{FAE04EC0-301F-11D3-BF4B-00C04F79EFBC}") = "CityworksOfficeWebApp", "CityworksOfficeWebApp\Apps\CityworksOfficeWebApp\CityworksOfficeWebApp.csproj", "{604C60B8-A49D-4891-BA49-3EDECA71A521}"
EndProject
Project("{2150E333-8FDC-42A3-9474-1A3956D46DE8}") = "Internal", "Internal", "{6F9FD774-5F85-4B36-A3B0-865BB028C3B2}"
EndProject
Project("{FAE04EC0-301F-11D3-BF4B-00C04F79EFBC}") = "XTI_CityworksOfficeWebAppApi", "CityworksOfficeWebApp\Internal\XTI_CityworksOfficeWebAppApi\XTI_CityworksOfficeWebAppApi.csproj", "{37C3A5E6-78B4-485A-8704-30DE8552B214}"
EndProject
Project("{FAE04EC0-301F-11D3-BF4B-00C04F79EFBC}") = "CityworksOfficeWebApp.ApiControllers", "CityworksOfficeWebApp\Internal\CityworksOfficeWebApp.ApiControllers\CityworksOfficeWebApp.ApiControllers.csproj", "{39666FE4-0589-4D3B-88C0-780B9094FC88}"
EndProject
Project("{2150E333-8FDC-42A3-9474-1A3956D46DE8}") = "Lib", "Lib", "{21068D01-3F5C-4DCA-8D11-91615F8D45D3}"
EndProject
Project("{FAE04EC0-301F-11D3-BF4B-00C04F79EFBC}") = "XTI_CityworksOfficeAppClient", "CityworksOfficeWebApp\Lib\XTI_CityworksOfficeAppClient\XTI_CityworksOfficeAppClient.csproj", "{50DAA5E4-5573-4603-A725-E5CB5CFC7D32}"
EndProject
Project("{FAE04EC0-301F-11D3-BF4B-00C04F79EFBC}") = "CityworksOfficeApiGeneratorApp", "CityworksOfficeWebApp\Apps\CityworksOfficeApiGeneratorApp\CityworksOfficeApiGeneratorApp.csproj", "{3332F4E1-EB7A-4A36-AB70-23C4904368E9}"
EndProject
Project("{FAE04EC0-301F-11D3-BF4B-00C04F79EFBC}") = "CityworksOfficeSetupApp", "CityworksOfficeWebApp\Apps\CityworksOfficeSetupApp\CityworksOfficeSetupApp.csproj", "{41F2FF1C-9CD0-4C54-BFFC-76C35E92103A}"
EndProject
Project("{FAE04EC0-301F-11D3-BF4B-00C04F79EFBC}") = "CPW_ExpandedCityworksDB", "CityworksOfficeWebApp\Internal\CPW_ExpandedCityworksDB\CPW_ExpandedCityworksDB.csproj", "{40F19C8C-9B04-46EA-9282-0C7E7228FCA5}"
EndProject
Project("{FAE04EC0-301F-11D3-BF4B-00C04F79EFBC}") = "CPW_ExpandedCityworksDB.SqlServer", "CityworksOfficeWebApp\Internal\CPW_ExpandedCityworksDB.SqlServer\CPW_ExpandedCityworksDB.SqlServer.csproj", "{57272690-6F1C-4FDB-B48A-EFFD0B53C2A3}"
EndProject
Project("{FAE04EC0-301F-11D3-BF4B-00C04F79EFBC}") = "CPW_ExpandedCityworksDBTool", "CityworksOfficeWebApp\Internal\CPW_ExpandedCityworksDBTool\CPW_ExpandedCityworksDBTool.csproj", "{A96FB54D-4A81-488B-A9F3-FD0D96B97E43}"
EndProject
Project("{2150E333-8FDC-42A3-9474-1A3956D46DE8}") = "Tests", "Tests", "{E482FA36-DB21-43D7-A14C-49A8E4B05C94}"
EndProject
Project("{FAE04EC0-301F-11D3-BF4B-00C04F79EFBC}") = "CityworksOfficeWebAppIntegrationTests", "CityworksOfficeWebApp\Tests\CityworksOfficeWebAppIntegrationTests\CityworksOfficeWebAppIntegrationTests.csproj", "{8EA4EE8C-02D3-4E47-BCCB-A5A48AEE18DF}"
EndProject
Project("{FAE04EC0-301F-11D3-BF4B-00C04F79EFBC}") = "XTI_CityworksOfficeWebAppApiActions", "CityworksOfficeWebApp\Internal\XTI_CityworksOfficeWebAppApiActions\XTI_CityworksOfficeWebAppApiActions.csproj", "{F53A584B-C88B-4EC0-B640-F731614C6361}"
EndProject
Global
	GlobalSection(SolutionConfigurationPlatforms) = preSolution
		Debug|Any CPU = Debug|Any CPU
		Release|Any CPU = Release|Any CPU
	EndGlobalSection
	GlobalSection(ProjectConfigurationPlatforms) = postSolution
		{3B5F14A8-D2BE-4CAC-8FD7-935E6D295CF8}.Debug|Any CPU.ActiveCfg = Debug|Any CPU
		{3B5F14A8-D2BE-4CAC-8FD7-935E6D295CF8}.Debug|Any CPU.Build.0 = Debug|Any CPU
		{3B5F14A8-D2BE-4CAC-8FD7-935E6D295CF8}.Release|Any CPU.ActiveCfg = Release|Any CPU
		{3B5F14A8-D2BE-4CAC-8FD7-935E6D295CF8}.Release|Any CPU.Build.0 = Release|Any CPU
		{D5AE45AF-9AF1-460A-8484-9B16C532E78B}.Debug|Any CPU.ActiveCfg = Debug|Any CPU
		{D5AE45AF-9AF1-460A-8484-9B16C532E78B}.Debug|Any CPU.Build.0 = Debug|Any CPU
		{D5AE45AF-9AF1-460A-8484-9B16C532E78B}.Release|Any CPU.ActiveCfg = Release|Any CPU
		{D5AE45AF-9AF1-460A-8484-9B16C532E78B}.Release|Any CPU.Build.0 = Release|Any CPU
		{244E89BC-301F-4E4E-9D74-7BB83F53EFC6}.Debug|Any CPU.ActiveCfg = Debug|Any CPU
		{244E89BC-301F-4E4E-9D74-7BB83F53EFC6}.Debug|Any CPU.Build.0 = Debug|Any CPU
		{244E89BC-301F-4E4E-9D74-7BB83F53EFC6}.Release|Any CPU.ActiveCfg = Release|Any CPU
		{244E89BC-301F-4E4E-9D74-7BB83F53EFC6}.Release|Any CPU.Build.0 = Release|Any CPU
		{5FCDF5EA-CD76-41C9-8F8D-1E6A9E61F23E}.Debug|Any CPU.ActiveCfg = Debug|Any CPU
		{5FCDF5EA-CD76-41C9-8F8D-1E6A9E61F23E}.Debug|Any CPU.Build.0 = Debug|Any CPU
		{5FCDF5EA-CD76-41C9-8F8D-1E6A9E61F23E}.Release|Any CPU.ActiveCfg = Release|Any CPU
		{5FCDF5EA-CD76-41C9-8F8D-1E6A9E61F23E}.Release|Any CPU.Build.0 = Release|Any CPU
		{9923C7F8-7ACC-4634-B30B-6B048CB19580}.Debug|Any CPU.ActiveCfg = Debug|Any CPU
		{9923C7F8-7ACC-4634-B30B-6B048CB19580}.Debug|Any CPU.Build.0 = Debug|Any CPU
		{9923C7F8-7ACC-4634-B30B-6B048CB19580}.Release|Any CPU.ActiveCfg = Release|Any CPU
		{9923C7F8-7ACC-4634-B30B-6B048CB19580}.Release|Any CPU.Build.0 = Release|Any CPU
		{58E7296D-2D30-4EFE-B5DB-806E800111C0}.Debug|Any CPU.ActiveCfg = Debug|Any CPU
		{58E7296D-2D30-4EFE-B5DB-806E800111C0}.Debug|Any CPU.Build.0 = Debug|Any CPU
		{58E7296D-2D30-4EFE-B5DB-806E800111C0}.Release|Any CPU.ActiveCfg = Release|Any CPU
		{58E7296D-2D30-4EFE-B5DB-806E800111C0}.Release|Any CPU.Build.0 = Release|Any CPU
		{3F88BD2F-104C-4878-9732-070A16175CB4}.Debug|Any CPU.ActiveCfg = Debug|Any CPU
		{3F88BD2F-104C-4878-9732-070A16175CB4}.Debug|Any CPU.Build.0 = Debug|Any CPU
		{3F88BD2F-104C-4878-9732-070A16175CB4}.Release|Any CPU.ActiveCfg = Release|Any CPU
		{3F88BD2F-104C-4878-9732-070A16175CB4}.Release|Any CPU.Build.0 = Release|Any CPU
		{91B879CB-9A29-4809-8799-7D90D9782A99}.Debug|Any CPU.ActiveCfg = Debug|Any CPU
		{91B879CB-9A29-4809-8799-7D90D9782A99}.Debug|Any CPU.Build.0 = Debug|Any CPU
		{91B879CB-9A29-4809-8799-7D90D9782A99}.Release|Any CPU.ActiveCfg = Release|Any CPU
		{91B879CB-9A29-4809-8799-7D90D9782A99}.Release|Any CPU.Build.0 = Release|Any CPU
		{604C60B8-A49D-4891-BA49-3EDECA71A521}.Debug|Any CPU.ActiveCfg = Debug|Any CPU
		{604C60B8-A49D-4891-BA49-3EDECA71A521}.Debug|Any CPU.Build.0 = Debug|Any CPU
		{604C60B8-A49D-4891-BA49-3EDECA71A521}.Release|Any CPU.ActiveCfg = Release|Any CPU
		{604C60B8-A49D-4891-BA49-3EDECA71A521}.Release|Any CPU.Build.0 = Release|Any CPU
		{37C3A5E6-78B4-485A-8704-30DE8552B214}.Debug|Any CPU.ActiveCfg = Debug|Any CPU
		{37C3A5E6-78B4-485A-8704-30DE8552B214}.Debug|Any CPU.Build.0 = Debug|Any CPU
		{37C3A5E6-78B4-485A-8704-30DE8552B214}.Release|Any CPU.ActiveCfg = Release|Any CPU
		{37C3A5E6-78B4-485A-8704-30DE8552B214}.Release|Any CPU.Build.0 = Release|Any CPU
		{39666FE4-0589-4D3B-88C0-780B9094FC88}.Debug|Any CPU.ActiveCfg = Debug|Any CPU
		{39666FE4-0589-4D3B-88C0-780B9094FC88}.Debug|Any CPU.Build.0 = Debug|Any CPU
		{39666FE4-0589-4D3B-88C0-780B9094FC88}.Release|Any CPU.ActiveCfg = Release|Any CPU
		{39666FE4-0589-4D3B-88C0-780B9094FC88}.Release|Any CPU.Build.0 = Release|Any CPU
		{50DAA5E4-5573-4603-A725-E5CB5CFC7D32}.Debug|Any CPU.ActiveCfg = Debug|Any CPU
		{50DAA5E4-5573-4603-A725-E5CB5CFC7D32}.Debug|Any CPU.Build.0 = Debug|Any CPU
		{50DAA5E4-5573-4603-A725-E5CB5CFC7D32}.Release|Any CPU.ActiveCfg = Release|Any CPU
		{50DAA5E4-5573-4603-A725-E5CB5CFC7D32}.Release|Any CPU.Build.0 = Release|Any CPU
		{3332F4E1-EB7A-4A36-AB70-23C4904368E9}.Debug|Any CPU.ActiveCfg = Debug|Any CPU
		{3332F4E1-EB7A-4A36-AB70-23C4904368E9}.Debug|Any CPU.Build.0 = Debug|Any CPU
		{3332F4E1-EB7A-4A36-AB70-23C4904368E9}.Release|Any CPU.ActiveCfg = Release|Any CPU
		{3332F4E1-EB7A-4A36-AB70-23C4904368E9}.Release|Any CPU.Build.0 = Release|Any CPU
		{41F2FF1C-9CD0-4C54-BFFC-76C35E92103A}.Debug|Any CPU.ActiveCfg = Debug|Any CPU
		{41F2FF1C-9CD0-4C54-BFFC-76C35E92103A}.Debug|Any CPU.Build.0 = Debug|Any CPU
		{41F2FF1C-9CD0-4C54-BFFC-76C35E92103A}.Release|Any CPU.ActiveCfg = Release|Any CPU
		{41F2FF1C-9CD0-4C54-BFFC-76C35E92103A}.Release|Any CPU.Build.0 = Release|Any CPU
		{40F19C8C-9B04-46EA-9282-0C7E7228FCA5}.Debug|Any CPU.ActiveCfg = Debug|Any CPU
		{40F19C8C-9B04-46EA-9282-0C7E7228FCA5}.Debug|Any CPU.Build.0 = Debug|Any CPU
		{40F19C8C-9B04-46EA-9282-0C7E7228FCA5}.Release|Any CPU.ActiveCfg = Release|Any CPU
		{40F19C8C-9B04-46EA-9282-0C7E7228FCA5}.Release|Any CPU.Build.0 = Release|Any CPU
		{57272690-6F1C-4FDB-B48A-EFFD0B53C2A3}.Debug|Any CPU.ActiveCfg = Debug|Any CPU
		{57272690-6F1C-4FDB-B48A-EFFD0B53C2A3}.Debug|Any CPU.Build.0 = Debug|Any CPU
		{57272690-6F1C-4FDB-B48A-EFFD0B53C2A3}.Release|Any CPU.ActiveCfg = Release|Any CPU
		{57272690-6F1C-4FDB-B48A-EFFD0B53C2A3}.Release|Any CPU.Build.0 = Release|Any CPU
		{A96FB54D-4A81-488B-A9F3-FD0D96B97E43}.Debug|Any CPU.ActiveCfg = Debug|Any CPU
		{A96FB54D-4A81-488B-A9F3-FD0D96B97E43}.Debug|Any CPU.Build.0 = Debug|Any CPU
		{A96FB54D-4A81-488B-A9F3-FD0D96B97E43}.Release|Any CPU.ActiveCfg = Release|Any CPU
		{A96FB54D-4A81-488B-A9F3-FD0D96B97E43}.Release|Any CPU.Build.0 = Release|Any CPU
		{8EA4EE8C-02D3-4E47-BCCB-A5A48AEE18DF}.Debug|Any CPU.ActiveCfg = Debug|Any CPU
		{8EA4EE8C-02D3-4E47-BCCB-A5A48AEE18DF}.Debug|Any CPU.Build.0 = Debug|Any CPU
		{8EA4EE8C-02D3-4E47-BCCB-A5A48AEE18DF}.Release|Any CPU.ActiveCfg = Release|Any CPU
		{8EA4EE8C-02D3-4E47-BCCB-A5A48AEE18DF}.Release|Any CPU.Build.0 = Release|Any CPU
		{F53A584B-C88B-4EC0-B640-F731614C6361}.Debug|Any CPU.ActiveCfg = Debug|Any CPU
		{F53A584B-C88B-4EC0-B640-F731614C6361}.Debug|Any CPU.Build.0 = Debug|Any CPU
		{F53A584B-C88B-4EC0-B640-F731614C6361}.Release|Any CPU.ActiveCfg = Release|Any CPU
		{F53A584B-C88B-4EC0-B640-F731614C6361}.Release|Any CPU.Build.0 = Release|Any CPU
	EndGlobalSection
	GlobalSection(SolutionProperties) = preSolution
		HideSolutionNode = FALSE
	EndGlobalSection
	GlobalSection(NestedProjects) = preSolution
		{F01C746F-1BA6-41AD-80D0-7B004D45584F} = {2347AD80-A4E2-4D80-AE71-719454F0D011}
		{3B5F14A8-D2BE-4CAC-8FD7-935E6D295CF8} = {F01C746F-1BA6-41AD-80D0-7B004D45584F}
		{B4EA7A37-228D-4ED5-9868-035D404E1100} = {2347AD80-A4E2-4D80-AE71-719454F0D011}
		{D5AE45AF-9AF1-460A-8484-9B16C532E78B} = {B4EA7A37-228D-4ED5-9868-035D404E1100}
		{244E89BC-301F-4E4E-9D74-7BB83F53EFC6} = {F01C746F-1BA6-41AD-80D0-7B004D45584F}
		{5FCDF5EA-CD76-41C9-8F8D-1E6A9E61F23E} = {B4EA7A37-228D-4ED5-9868-035D404E1100}
		{9923C7F8-7ACC-4634-B30B-6B048CB19580} = {B4EA7A37-228D-4ED5-9868-035D404E1100}
		{58E7296D-2D30-4EFE-B5DB-806E800111C0} = {B4EA7A37-228D-4ED5-9868-035D404E1100}
		{1A2B9B52-989C-47B8-9F55-A76485D7CA8A} = {2347AD80-A4E2-4D80-AE71-719454F0D011}
		{3F88BD2F-104C-4878-9732-070A16175CB4} = {1A2B9B52-989C-47B8-9F55-A76485D7CA8A}
		{91B879CB-9A29-4809-8799-7D90D9782A99} = {1A2B9B52-989C-47B8-9F55-A76485D7CA8A}
		{1DA99DAE-2C97-475E-A3E1-EF6E253A59E1} = {8BF20CFC-014B-43E7-8936-66B278FAC8A0}
		{604C60B8-A49D-4891-BA49-3EDECA71A521} = {1DA99DAE-2C97-475E-A3E1-EF6E253A59E1}
		{6F9FD774-5F85-4B36-A3B0-865BB028C3B2} = {8BF20CFC-014B-43E7-8936-66B278FAC8A0}
		{37C3A5E6-78B4-485A-8704-30DE8552B214} = {6F9FD774-5F85-4B36-A3B0-865BB028C3B2}
		{39666FE4-0589-4D3B-88C0-780B9094FC88} = {6F9FD774-5F85-4B36-A3B0-865BB028C3B2}
		{21068D01-3F5C-4DCA-8D11-91615F8D45D3} = {8BF20CFC-014B-43E7-8936-66B278FAC8A0}
		{50DAA5E4-5573-4603-A725-E5CB5CFC7D32} = {21068D01-3F5C-4DCA-8D11-91615F8D45D3}
		{3332F4E1-EB7A-4A36-AB70-23C4904368E9} = {1DA99DAE-2C97-475E-A3E1-EF6E253A59E1}
		{41F2FF1C-9CD0-4C54-BFFC-76C35E92103A} = {1DA99DAE-2C97-475E-A3E1-EF6E253A59E1}
		{40F19C8C-9B04-46EA-9282-0C7E7228FCA5} = {6F9FD774-5F85-4B36-A3B0-865BB028C3B2}
		{57272690-6F1C-4FDB-B48A-EFFD0B53C2A3} = {6F9FD774-5F85-4B36-A3B0-865BB028C3B2}
		{A96FB54D-4A81-488B-A9F3-FD0D96B97E43} = {6F9FD774-5F85-4B36-A3B0-865BB028C3B2}
		{E482FA36-DB21-43D7-A14C-49A8E4B05C94} = {8BF20CFC-014B-43E7-8936-66B278FAC8A0}
		{8EA4EE8C-02D3-4E47-BCCB-A5A48AEE18DF} = {E482FA36-DB21-43D7-A14C-49A8E4B05C94}
		{F53A584B-C88B-4EC0-B640-F731614C6361} = {6F9FD774-5F85-4B36-A3B0-865BB028C3B2}
	EndGlobalSection
EndGlobal
